
Microsoft Visual Studio Solution File, Format Version 12.00
# Visual Studio Version 17
VisualStudioVersion = 17.7.34031.279
MinimumVisualStudioVersion = 10.0.40219.1
Project("{FAE04EC0-301F-11D3-BF4B-00C04F79EFBC}") = "Lab5", "Lab5\Lab5.csproj", "{BDBA0D35-F455-4A95-81B8-44E7994281BD}"
EndProject
Global
	GlobalSection(SolutionConfigurationPlatforms) = preSolution
		Debug|Any CPU = Debug|Any CPU
		Release|Any CPU = Release|Any CPU
	EndGlobalSection
	GlobalSection(ProjectConfigurationPlatforms) = postSolution
		{BDBA0D35-F455-4A95-81B8-44E7994281BD}.Debug|Any CPU.ActiveCfg = Debug|Any CPU
		{BDBA0D35-F455-4A95-81B8-44E7994281BD}.Debug|Any CPU.Build.0 = Debug|Any CPU
		{BDBA0D35-F455-4A95-81B8-44E7994281BD}.Release|Any CPU.ActiveCfg = Release|Any CPU
		{BDBA0D35-F455-4A95-81B8-44E7994281BD}.Release|Any CPU.Build.0 = Release|Any CPU
	EndGlobalSection
	GlobalSection(SolutionProperties) = preSolution
		HideSolutionNode = FALSE
	EndGlobalSection
	GlobalSection(ExtensibilityGlobals) = postSolution
		SolutionGuid = {5F4AB817-75BB-40BB-84B3-9E5F99F565C7}
	EndGlobalSection
EndGlobal
